// !$*UTF8*$!
{
	archiveVersion = 1;
	classes = {
	};
	objectVersion = 56;
	objects = {

/* Begin PBXBuildFile section */
		950C52E82AF1C3BB0003BF35 /* AppDelegate.swift in Sources */ = {isa = PBXBuildFile; fileRef = 950C52E72AF1C3BB0003BF35 /* AppDelegate.swift */; };
		950C52EA2AF1C3BB0003BF35 /* SceneDelegate.swift in Sources */ = {isa = PBXBuildFile; fileRef = 950C52E92AF1C3BB0003BF35 /* SceneDelegate.swift */; };
		950C52EC2AF1C3BB0003BF35 /* ViewController.swift in Sources */ = {isa = PBXBuildFile; fileRef = 950C52EB2AF1C3BB0003BF35 /* ViewController.swift */; };
		950C52EF2AF1C3BB0003BF35 /* Main.storyboard in Resources */ = {isa = PBXBuildFile; fileRef = 950C52ED2AF1C3BB0003BF35 /* Main.storyboard */; };
		950C52F22AF1C3BB0003BF35 /* Assignment_2.xcdatamodeld in Sources */ = {isa = PBXBuildFile; fileRef = 950C52F02AF1C3BB0003BF35 /* Assignment_2.xcdatamodeld */; };
		950C52F42AF1C3BC0003BF35 /* Assets.xcassets in Resources */ = {isa = PBXBuildFile; fileRef = 950C52F32AF1C3BC0003BF35 /* Assets.xcassets */; };
		950C52F72AF1C3BC0003BF35 /* LaunchScreen.storyboard in Resources */ = {isa = PBXBuildFile; fileRef = 950C52F52AF1C3BC0003BF35 /* LaunchScreen.storyboard */; };
		950C52FF2AF1C8470003BF35 /* addBookVC.swift in Sources */ = {isa = PBXBuildFile; fileRef = 950C52FE2AF1C8470003BF35 /* addBookVC.swift */; };
		950C53012AF1CEBD0003BF35 /* bookInfo.swift in Sources */ = {isa = PBXBuildFile; fileRef = 950C53002AF1CEBD0003BF35 /* bookInfo.swift */; };
		950C53032AF1CF730003BF35 /* bookCell.swift in Sources */ = {isa = PBXBuildFile; fileRef = 950C53022AF1CF730003BF35 /* bookCell.swift */; };
		951AD0FC2AF1F3AC0038706F /* UpdateVc.swift in Sources */ = {isa = PBXBuildFile; fileRef = 951AD0FB2AF1F3AC0038706F /* UpdateVc.swift */; };
/* End PBXBuildFile section */

/* Begin PBXFileReference section */
		950C52E42AF1C3BB0003BF35 /* Assignment-2.app */ = {isa = PBXFileReference; explicitFileType = wrapper.application; includeInIndex = 0; path = "Assignment-2.app"; sourceTree = BUILT_PRODUCTS_DIR; };
		950C52E72AF1C3BB0003BF35 /* AppDelegate.swift */ = {isa = PBXFileReference; lastKnownFileType = sourcecode.swift; path = AppDelegate.swift; sourceTree = "<group>"; };
		950C52E92AF1C3BB0003BF35 /* SceneDelegate.swift */ = {isa = PBXFileReference; lastKnownFileType = sourcecode.swift; path = SceneDelegate.swift; sourceTree = "<group>"; };
		950C52EB2AF1C3BB0003BF35 /* ViewController.swift */ = {isa = PBXFileReference; lastKnownFileType = sourcecode.swift; path = ViewController.swift; sourceTree = "<group>"; };
		950C52EE2AF1C3BB0003BF35 /* Base */ = {isa = PBXFileReference; lastKnownFileType = file.storyboard; name = Base; path = Base.lproj/Main.storyboard; sourceTree = "<group>"; };
		950C52F12AF1C3BB0003BF35 /* Assignment_2.xcdatamodel */ = {isa = PBXFileReference; lastKnownFileType = wrapper.xcdatamodel; path = Assignment_2.xcdatamodel; sourceTree = "<group>"; };
		950C52F32AF1C3BC0003BF35 /* Assets.xcassets */ = {isa = PBXFileReference; lastKnownFileType = folder.assetcatalog; path = Assets.xcassets; sourceTree = "<group>"; };
		950C52F62AF1C3BC0003BF35 /* Base */ = {isa = PBXFileReference; lastKnownFileType = file.storyboard; name = Base; path = Base.lproj/LaunchScreen.storyboard; sourceTree = "<group>"; };
		950C52F82AF1C3BC0003BF35 /* Info.plist */ = {isa = PBXFileReference; lastKnownFileType = text.plist.xml; path = Info.plist; sourceTree = "<group>"; };
		950C52FE2AF1C8470003BF35 /* addBookVC.swift */ = {isa = PBXFileReference; lastKnownFileType = sourcecode.swift; path = addBookVC.swift; sourceTree = "<group>"; };
		950C53002AF1CEBD0003BF35 /* bookInfo.swift */ = {isa = PBXFileReference; lastKnownFileType = sourcecode.swift; path = bookInfo.swift; sourceTree = "<group>"; };
		950C53022AF1CF730003BF35 /* bookCell.swift */ = {isa = PBXFileReference; lastKnownFileType = sourcecode.swift; path = bookCell.swift; sourceTree = "<group>"; };
		951AD0FB2AF1F3AC0038706F /* UpdateVc.swift */ = {isa = PBXFileReference; lastKnownFileType = sourcecode.swift; path = UpdateVc.swift; sourceTree = "<group>"; };
/* End PBXFileReference section */

/* Begin PBXFrameworksBuildPhase section */
		950C52E12AF1C3BB0003BF35 /* Frameworks */ = {
			isa = PBXFrameworksBuildPhase;
			buildActionMask = 2147483647;
			files = (
			);
			runOnlyForDeploymentPostprocessing = 0;
		};
/* End PBXFrameworksBuildPhase section */

/* Begin PBXGroup section */
		950C52DB2AF1C3BB0003BF35 = {
			isa = PBXGroup;
			children = (
				950C52E62AF1C3BB0003BF35 /* Assignment-2 */,
				950C52E52AF1C3BB0003BF35 /* Products */,
			);
			sourceTree = "<group>";
		};
		950C52E52AF1C3BB0003BF35 /* Products */ = {
			isa = PBXGroup;
			children = (
				950C52E42AF1C3BB0003BF35 /* Assignment-2.app */,
			);
			name = Products;
			sourceTree = "<group>";
		};
		950C52E62AF1C3BB0003BF35 /* Assignment-2 */ = {
			isa = PBXGroup;
			children = (
				950C52E72AF1C3BB0003BF35 /* AppDelegate.swift */,
				951AD0FB2AF1F3AC0038706F /* UpdateVc.swift */,
				950C53002AF1CEBD0003BF35 /* bookInfo.swift */,
				950C52E92AF1C3BB0003BF35 /* SceneDelegate.swift */,
				950C52EB2AF1C3BB0003BF35 /* ViewController.swift */,
				950C52FE2AF1C8470003BF35 /* addBookVC.swift */,
				950C52ED2AF1C3BB0003BF35 /* Main.storyboard */,
				950C52F32AF1C3BC0003BF35 /* Assets.xcassets */,
				950C52F52AF1C3BC0003BF35 /* LaunchScreen.storyboard */,
				950C52F82AF1C3BC0003BF35 /* Info.plist */,
				950C52F02AF1C3BB0003BF35 /* Assignment_2.xcdatamodeld */,
				950C53022AF1CF730003BF35 /* bookCell.swift */,
			);
			path = "Assignment-2";
			sourceTree = "<group>";
		};
/* End PBXGroup section */

/* Begin PBXNativeTarget section */
		950C52E32AF1C3BB0003BF35 /* Assignment-2 */ = {
			isa = PBXNativeTarget;
			buildConfigurationList = 950C52FB2AF1C3BC0003BF35 /* Build configuration list for PBXNativeTarget "Assignment-2" */;
			buildPhases = (
				950C52E02AF1C3BB0003BF35 /* Sources */,
				950C52E12AF1C3BB0003BF35 /* Frameworks */,
				950C52E22AF1C3BB0003BF35 /* Resources */,
			);
			buildRules = (
			);
			dependencies = (
			);
			name = "Assignment-2";
			productName = "Assignment-2";
			productReference = 950C52E42AF1C3BB0003BF35 /* Assignment-2.app */;
			productType = "com.apple.product-type.application";
		};
/* End PBXNativeTarget section */

/* Begin PBXProject section */
		950C52DC2AF1C3BB0003BF35 /* Project object */ = {
			isa = PBXProject;
			attributes = {
				BuildIndependentTargetsInParallel = 1;
				LastSwiftUpdateCheck = 1500;
				LastUpgradeCheck = 1500;
				TargetAttributes = {
					950C52E32AF1C3BB0003BF35 = {
						CreatedOnToolsVersion = 15.0.1;
					};
				};
			};
			buildConfigurationList = 950C52DF2AF1C3BB0003BF35 /* Build configuration list for PBXProject "Assignment-2" */;
			compatibilityVersion = "Xcode 14.0";
			developmentRegion = en;
			hasScannedForEncodings = 0;
			knownRegions = (
				en,
				Base,
			);
			mainGroup = 950C52DB2AF1C3BB0003BF35;
			productRefGroup = 950C52E52AF1C3BB0003BF35 /* Products */;
			projectDirPath = "";
			projectRoot = "";
			targets = (
				950C52E32AF1C3BB0003BF35 /* Assignment-2 */,
			);
		};
/* End PBXProject section */

/* Begin PBXResourcesBuildPhase section */
		950C52E22AF1C3BB0003BF35 /* Resources */ = {
			isa = PBXResourcesBuildPhase;
			buildActionMask = 2147483647;
			files = (
				950C52F72AF1C3BC0003BF35 /* LaunchScreen.storyboard in Resources */,
				950C52F42AF1C3BC0003BF35 /* Assets.xcassets in Resources */,
				950C52EF2AF1C3BB0003BF35 /* Main.storyboard in Resources */,
			);
			runOnlyForDeploymentPostprocessing = 0;
		};
/* End PBXResourcesBuildPhase section */

/* Begin PBXSourcesBuildPhase section */
		950C52E02AF1C3BB0003BF35 /* Sources */ = {
			isa = PBXSourcesBuildPhase;
			buildActionMask = 2147483647;
			files = (
				950C52EC2AF1C3BB0003BF35 /* ViewController.swift in Sources */,
				950C52E82AF1C3BB0003BF35 /* AppDelegate.swift in Sources */,
				950C53012AF1CEBD0003BF35 /* bookInfo.swift in Sources */,
				950C52FF2AF1C8470003BF35 /* addBookVC.swift in Sources */,
				950C53032AF1CF730003BF35 /* bookCell.swift in Sources */,
				951AD0FC2AF1F3AC0038706F /* UpdateVc.swift in Sources */,
				950C52EA2AF1C3BB0003BF35 /* SceneDelegate.swift in Sources */,
				950C52F22AF1C3BB0003BF35 /* Assignment_2.xcdatamodeld in Sources */,
			);
			runOnlyForDeploymentPostprocessing = 0;
		};
/* End PBXSourcesBuildPhase section */

/* Begin PBXVariantGroup section */
		950C52ED2AF1C3BB0003BF35 /* Main.storyboard */ = {
			isa = PBXVariantGroup;
			children = (
				950C52EE2AF1C3BB0003BF35 /* Base */,
			);
			name = Main.storyboard;
			sourceTree = "<group>";
		};
		950C52F52AF1C3BC0003BF35 /* LaunchScreen.storyboard */ = {
			isa = PBXVariantGroup;
			children = (
				950C52F62AF1C3BC0003BF35 /* Base */,
			);
			name = LaunchScreen.storyboard;
			sourceTree = "<group>";
		};
/* End PBXVariantGroup section */

/* Begin XCBuildConfiguration section */
		950C52F92AF1C3BC0003BF35 /* Debug */ = {
			isa = XCBuildConfiguration;
			buildSettings = {
				ALWAYS_SEARCH_USER_PATHS = NO;
				ASSETCATALOG_COMPILER_GENERATE_SWIFT_ASSET_SYMBOL_EXTENSIONS = YES;
				CLANG_ANALYZER_NONNULL = YES;
				CLANG_ANALYZER_NUMBER_OBJECT_CONVERSION = YES_AGGRESSIVE;
				CLANG_CXX_LANGUAGE_STANDARD = "gnu++20";
				CLANG_ENABLE_MODULES = YES;
				CLANG_ENABLE_OBJC_ARC = YES;
				CLANG_ENABLE_OBJC_WEAK = YES;
				CLANG_WARN_BLOCK_CAPTURE_AUTORELEASING = YES;
				CLANG_WARN_BOOL_CONVERSION = YES;
				CLANG_WARN_COMMA = YES;
				CLANG_WARN_CONSTANT_CONVERSION = YES;
				CLANG_WARN_DEPRECATED_OBJC_IMPLEMENTATIONS = YES;
				CLANG_WARN_DIRECT_OBJC_ISA_USAGE = YES_ERROR;
				CLANG_WARN_DOCUMENTATION_COMMENTS = YES;
				CLANG_WARN_EMPTY_BODY = YES;
				CLANG_WARN_ENUM_CONVERSION = YES;
				CLANG_WARN_INFINITE_RECURSION = YES;
				CLANG_WARN_INT_CONVERSION = YES;
				CLANG_WARN_NON_LITERAL_NULL_CONVERSION = YES;
				CLANG_WARN_OBJC_IMPLICIT_RETAIN_SELF = YES;
				CLANG_WARN_OBJC_LITERAL_CONVERSION = YES;
				CLANG_WARN_OBJC_ROOT_CLASS = YES_ERROR;
				CLANG_WARN_QUOTED_INCLUDE_IN_FRAMEWORK_HEADER = YES;
				CLANG_WARN_RANGE_LOOP_ANALYSIS = YES;
				CLANG_WARN_STRICT_PROTOTYPES = YES;
				CLANG_WARN_SUSPICIOUS_MOVE = YES;
				CLANG_WARN_UNGUARDED_AVAILABILITY = YES_AGGRESSIVE;
				CLANG_WARN_UNREACHABLE_CODE = YES;
				CLANG_WARN__DUPLICATE_METHOD_MATCH = YES;
				COPY_PHASE_STRIP = NO;
				DEBUG_INFORMATION_FORMAT = dwarf;
				ENABLE_STRICT_OBJC_MSGSEND = YES;
				ENABLE_TESTABILITY = YES;
				ENABLE_USER_SCRIPT_SANDBOXING = YES;
				GCC_C_LANGUAGE_STANDARD = gnu17;
				GCC_DYNAMIC_NO_PIC = NO;
				GCC_NO_COMMON_BLOCKS = YES;
				GCC_OPTIMIZATION_LEVEL = 0;
				GCC_PREPROCESSOR_DEFINITIONS = (
					"DEBUG=1",
					"$(inherited)",
				);
				GCC_WARN_64_TO_32_BIT_CONVERSION = YES;
				GCC_WARN_ABOUT_RETURN_TYPE = YES_ERROR;
				GCC_WARN_UNDECLARED_SELECTOR = YES;
				GCC_WARN_UNINITIALIZED_AUTOS = YES_AGGRESSIVE;
				GCC_WARN_UNUSED_FUNCTION = YES;
				GCC_WARN_UNUSED_VARIABLE = YES;
				IPHONEOS_DEPLOYMENT_TARGET = 17.0;
				LOCALIZATION_PREFERS_STRING_CATALOGS = YES;
				MTL_ENABLE_DEBUG_INFO = INCLUDE_SOURCE;
				MTL_FAST_MATH = YES;
				ONLY_ACTIVE_ARCH = YES;
				SDKROOT = iphoneos;
				SWIFT_ACTIVE_COMPILATION_CONDITIONS = "DEBUG $(inherited)";
				SWIFT_OPTIMIZATION_LEVEL = "-Onone";
			};
			name = Debug;
		};
		950C52FA2AF1C3BC0003BF35 /* Release */ = {
			isa = XCBuildConfiguration;
			buildSettings = {
				ALWAYS_SEARCH_USER_PATHS = NO;
				ASSETCATALOG_COMPILER_GENERATE_SWIFT_ASSET_SYMBOL_EXTENSIONS = YES;
				CLANG_ANALYZER_NONNULL = YES;
				CLANG_ANALYZER_NUMBER_OBJECT_CONVERSION = YES_AGGRESSIVE;
				CLANG_CXX_LANGUAGE_STANDARD = "gnu++20";
				CLANG_ENABLE_MODULES = YES;
				CLANG_ENABLE_OBJC_ARC = YES;
				CLANG_ENABLE_OBJC_WEAK = YES;
				CLANG_WARN_BLOCK_CAPTURE_AUTORELEASING = YES;
				CLANG_WARN_BOOL_CONVERSION = YES;
				CLANG_WARN_COMMA = YES;
				CLANG_WARN_CONSTANT_CONVERSION = YES;
				CLANG_WARN_DEPRECATED_OBJC_IMPLEMENTATIONS = YES;
				CLANG_WARN_DIRECT_OBJC_ISA_USAGE = YES_ERROR;
				CLANG_WARN_DOCUMENTATION_COMMENTS = YES;
				CLANG_WARN_EMPTY_BODY = YES;
				CLANG_WARN_ENUM_CONVERSION = YES;
				CLANG_WARN_INFINITE_RECURSION = YES;
				CLANG_WARN_INT_CONVERSION = YES;
				CLANG_WARN_NON_LITERAL_NULL_CONVERSION = YES;
				CLANG_WARN_OBJC_IMPLICIT_RETAIN_SELF = YES;
				CLANG_WARN_OBJC_LITERAL_CONVERSION = YES;
				CLANG_WARN_OBJC_ROOT_CLASS = YES_ERROR;
				CLANG_WARN_QUOTED_INCLUDE_IN_FRAMEWORK_HEADER = YES;
				CLANG_WARN_RANGE_LOOP_ANALYSIS = YES;
				CLANG_WARN_STRICT_PROTOTYPES = YES;
				CLANG_WARN_SUSPICIOUS_MOVE = YES;
				CLANG_WARN_UNGUARDED_AVAILABILITY = YES_AGGRESSIVE;
				CLANG_WARN_UNREACHABLE_CODE = YES;
				CLANG_WARN__DUPLICATE_METHOD_MATCH = YES;
				COPY_PHASE_STRIP = NO;
				DEBUG_INFORMATION_FORMAT = "dwarf-with-dsym";
				ENABLE_NS_ASSERTIONS = NO;
				ENABLE_STRICT_OBJC_MSGSEND = YES;
				ENABLE_USER_SCRIPT_SANDBOXING = YES;
				GCC_C_LANGUAGE_STANDARD = gnu17;
				GCC_NO_COMMON_BLOCKS = YES;
				GCC_WARN_64_TO_32_BIT_CONVERSION = YES;
				GCC_WARN_ABOUT_RETURN_TYPE = YES_ERROR;
				GCC_WARN_UNDECLARED_SELECTOR = YES;
				GCC_WARN_UNINITIALIZED_AUTOS = YES_AGGRESSIVE;
				GCC_WARN_UNUSED_FUNCTION = YES;
				GCC_WARN_UNUSED_VARIABLE = YES;
				IPHONEOS_DEPLOYMENT_TARGET = 17.0;
				LOCALIZATION_PREFERS_STRING_CATALOGS = YES;
				MTL_ENABLE_DEBUG_INFO = NO;
				MTL_FAST_MATH = YES;
				SDKROOT = iphoneos;
				SWIFT_COMPILATION_MODE = wholemodule;
				VALIDATE_PRODUCT = YES;
			};
			name = Release;
		};
		950C52FC2AF1C3BC0003BF35 /* Debug */ = {
			isa = XCBuildConfiguration;
			buildSettings = {
				ASSETCATALOG_COMPILER_APPICON_NAME = AppIcon;
				ASSETCATALOG_COMPILER_GLOBAL_ACCENT_COLOR_NAME = AccentColor;
				CODE_SIGN_STYLE = Automatic;
				CURRENT_PROJECT_VERSION = 1;
				GENERATE_INFOPLIST_FILE = YES;
				INFOPLIST_FILE = "Assignment-2/Info.plist";
				INFOPLIST_KEY_UIApplicationSupportsIndirectInputEvents = YES;
				INFOPLIST_KEY_UILaunchStoryboardName = LaunchScreen;
				INFOPLIST_KEY_UIMainStoryboardFile = Main;
				INFOPLIST_KEY_UISupportedInterfaceOrientations_iPad = "UIInterfaceOrientationPortrait UIInterfaceOrientationPortraitUpsideDown UIInterfaceOrientationLandscapeLeft UIInterfaceOrientationLandscapeRight";
				INFOPLIST_KEY_UISupportedInterfaceOrientations_iPhone = "UIInterfaceOrientationPortrait UIInterfaceOrientationLandscapeLeft UIInterfaceOrientationLandscapeRight";
				LD_RUNPATH_SEARCH_PATHS = (
					"$(inherited)",
					"@executable_path/Frameworks",
				);
				MARKETING_VERSION = 1.0;
				PRODUCT_BUNDLE_IDENTIFIER = "UHCL.Assignment-2";
				PRODUCT_NAME = "$(TARGET_NAME)";
				SWIFT_EMIT_LOC_STRINGS = YES;
				SWIFT_VERSION = 5.0;
				TARGETED_DEVICE_FAMILY = "1,2";
			};
			name = Debug;
		};
		950C52FD2AF1C3BC0003BF35 /* Release */ = {
			isa = XCBuildConfiguration;
			buildSettings = {
				ASSETCATALOG_COMPILER_APPICON_NAME = AppIcon;
				ASSETCATALOG_COMPILER_GLOBAL_ACCENT_COLOR_NAME = AccentColor;
				CODE_SIGN_STYLE = Automatic;
				CURRENT_PROJECT_VERSION = 1;
				GENERATE_INFOPLIST_FILE = YES;
				INFOPLIST_FILE = "Assignment-2/Info.plist";
				INFOPLIST_KEY_UIApplicationSupportsIndirectInputEvents = YES;
				INFOPLIST_KEY_UILaunchStoryboardName = LaunchScreen;
				INFOPLIST_KEY_UIMainStoryboardFile = Main;
				INFOPLIST_KEY_UISupportedInterfaceOrientations_iPad = "UIInterfaceOrientationPortrait UIInterfaceOrientationPortraitUpsideDown UIInterfaceOrientationLandscapeLeft UIInterfaceOrientationLandscapeRight";
				INFOPLIST_KEY_UISupportedInterfaceOrientations_iPhone = "UIInterfaceOrientationPortrait UIInterfaceOrientationLandscapeLeft UIInterfaceOrientationLandscapeRight";
				LD_RUNPATH_SEARCH_PATHS = (
					"$(inherited)",
					"@executable_path/Frameworks",
				);
				MARKETING_VERSION = 1.0;
				PRODUCT_BUNDLE_IDENTIFIER = "UHCL.Assignment-2";
				PRODUCT_NAME = "$(TARGET_NAME)";
				SWIFT_EMIT_LOC_STRINGS = YES;
				SWIFT_VERSION = 5.0;
				TARGETED_DEVICE_FAMILY = "1,2";
			};
			name = Release;
		};
/* End XCBuildConfiguration section */

/* Begin XCConfigurationList section */
		950C52DF2AF1C3BB0003BF35 /* Build configuration list for PBXProject "Assignment-2" */ = {
			isa = XCConfigurationList;
			buildConfigurations = (
				950C52F92AF1C3BC0003BF35 /* Debug */,
				950C52FA2AF1C3BC0003BF35 /* Release */,
			);
			defaultConfigurationIsVisible = 0;
			defaultConfigurationName = Release;
		};
		950C52FB2AF1C3BC0003BF35 /* Build configuration list for PBXNativeTarget "Assignment-2" */ = {
			isa = XCConfigurationList;
			buildConfigurations = (
				950C52FC2AF1C3BC0003BF35 /* Debug */,
				950C52FD2AF1C3BC0003BF35 /* Release */,
			);
			defaultConfigurationIsVisible = 0;
			defaultConfigurationName = Release;
		};
/* End XCConfigurationList section */

/* Begin XCVersionGroup section */
		950C52F02AF1C3BB0003BF35 /* Assignment_2.xcdatamodeld */ = {
			isa = XCVersionGroup;
			children = (
				950C52F12AF1C3BB0003BF35 /* Assignment_2.xcdatamodel */,
			);
			currentVersion = 950C52F12AF1C3BB0003BF35 /* Assignment_2.xcdatamodel */;
			path = Assignment_2.xcdatamodeld;
			sourceTree = "<group>";
			versionGroupType = wrapper.xcdatamodel;
		};
/* End XCVersionGroup section */
	};
	rootObject = 950C52DC2AF1C3BB0003BF35 /* Project object */;
}
